
Microsoft Visual Studio Solution File, Format Version 12.00
# Visual Studio 14
VisualStudioVersion = 14.0.24720.0
MinimumVisualStudioVersion = 10.0.40219.1
Project("{FAE04EC0-301F-11D3-BF4B-00C04F79EFBC}") = "SqlDataReaderobject'sNextResultmethod", "SqlDataReaderobject'sNextResultmethod\SqlDataReaderobject'sNextResultmethod.csproj", "{CD4B9E01-E909-4F6D-839D-FD108B5921A2}"
EndProject
Project("{FAE04EC0-301F-11D3-BF4B-00C04F79EFBC}") = "AdoDemo", "..\..\..\..\Desktop\AdoDemo\AdoDemo\AdoDemo.csproj", "{ECE86F58-4EF6-4F97-BE14-4361F6D763B0}"
EndProject
Project("{FAE04EC0-301F-11D3-BF4B-00C04F79EFBC}") = "Callingastoredprocedurewithoutputparameters", "..\..\..\..\Desktop\AdoDemo\Callingastoredprocedurewithoutputparameters\Callingastoredprocedurewithoutputparameters.csproj", "{6B5BCF49-A636-4E06-8887-81E385E1C4BB}"
EndProject
Project("{FAE04EC0-301F-11D3-BF4B-00C04F79EFBC}") = "DemoForm", "..\..\..\..\Desktop\AdoDemo\DemoForm\DemoForm.csproj", "{1AD73BC9-8E9D-450A-8E08-54EEF9945115}"
EndProject
Project("{FAE04EC0-301F-11D3-BF4B-00C04F79EFBC}") = "SqlDataReaderAdo.net", "..\..\..\..\Desktop\AdoDemo\SqlDataReaderAdo.net\SqlDataReaderAdo.net.csproj", "{1D57ADF3-22B7-4455-86D1-CC8AAD3D8A27}"
EndProject
Project("{FAE04EC0-301F-11D3-BF4B-00C04F79EFBC}") = "Sqlinjectiontutorial", "..\..\..\..\Desktop\AdoDemo\Sqlinjectiontutorial\Sqlinjectiontutorial.csproj", "{3A6787A7-A337-43BF-8E8F-3B4D82CDBB63}"
EndProject
Project("{FAE04EC0-301F-11D3-BF4B-00C04F79EFBC}") = "SqlDataAdapterinADO.NET", "SqlDataAdapterinADO.NET\SqlDataAdapterinADO.NET.csproj", "{12A266F4-ECDD-4757-9189-75082FF867B3}"
EndProject
Project("{FAE04EC0-301F-11D3-BF4B-00C04F79EFBC}") = "DataSetinasp.net", "DataSetinasp.net\DataSetinasp.net.csproj", "{31AB4CC2-9831-47E5-8F58-B5D1936605BB}"
EndProject
Project("{FAE04EC0-301F-11D3-BF4B-00C04F79EFBC}") = "achingdatasetinasp.net", "achingdatasetinasp.net\achingdatasetinasp.net.csproj", "{F1A34787-27BB-4B69-ABDD-11A4A031AC5B}"
EndProject
Project("{FAE04EC0-301F-11D3-BF4B-00C04F79EFBC}") = "WhatisSqlCommandBuilder", "WhatisSqlCommandBuilder\WhatisSqlCommandBuilder.csproj", "{67AD99CD-FEC1-43E8-89F2-D9FE54134098}"
EndProject
Project("{FAE04EC0-301F-11D3-BF4B-00C04F79EFBC}") = "Sqlcommandbuilderupdatenotworking", "Sqlcommandbuilderupdatenotworking\Sqlcommandbuilderupdatenotworking.csproj", "{5AF54084-E473-418B-BCF3-D137956C508D}"
EndProject
Project("{FAE04EC0-301F-11D3-BF4B-00C04F79EFBC}") = "Disconnecteddataaccessinaspinnet", "Disconnecteddataaccessinaspinnet\Disconnecteddataaccessinaspinnet.csproj", "{A3EFCD52-058E-43E2-AE49-D19C3C119C18}"
EndProject
Project("{FAE04EC0-301F-11D3-BF4B-00C04F79EFBC}") = "Strongly typed datasets", "Strongly typed datasets\Strongly typed datasets.csproj", "{C5C8CEE6-4C54-48B7-A6C8-E8C4E60308D9}"
EndProject
Project("{FAE04EC0-301F-11D3-BF4B-00C04F79EFBC}") = "Loadxmldataintosqlservertableusingsqlbulkcopy", "Loadxmldataintosqlservertableusingsqlbulkcopy\Loadxmldataintosqlservertableusingsqlbulkcopy.csproj", "{B6612A07-4450-4CB7-93D0-763C15C81CC9}"
EndProject
Project("{FAE04EC0-301F-11D3-BF4B-00C04F79EFBC}") = "sqlbulkcopynotifyafterexample", "sqlbulkcopynotifyafterexample\sqlbulkcopynotifyafterexample.csproj", "{C7A6DF52-AE45-41C6-9B8A-48530F37AC18}"
EndProject
Global
	GlobalSection(SolutionConfigurationPlatforms) = preSolution
		Debug|Any CPU = Debug|Any CPU
		Release|Any CPU = Release|Any CPU
	EndGlobalSection
	GlobalSection(ProjectConfigurationPlatforms) = postSolution
		{CD4B9E01-E909-4F6D-839D-FD108B5921A2}.Debug|Any CPU.ActiveCfg = Debug|Any CPU
		{CD4B9E01-E909-4F6D-839D-FD108B5921A2}.Debug|Any CPU.Build.0 = Debug|Any CPU
		{CD4B9E01-E909-4F6D-839D-FD108B5921A2}.Release|Any CPU.ActiveCfg = Release|Any CPU
		{CD4B9E01-E909-4F6D-839D-FD108B5921A2}.Release|Any CPU.Build.0 = Release|Any CPU
		{ECE86F58-4EF6-4F97-BE14-4361F6D763B0}.Debug|Any CPU.ActiveCfg = Debug|Any CPU
		{ECE86F58-4EF6-4F97-BE14-4361F6D763B0}.Debug|Any CPU.Build.0 = Debug|Any CPU
		{ECE86F58-4EF6-4F97-BE14-4361F6D763B0}.Release|Any CPU.ActiveCfg = Release|Any CPU
		{ECE86F58-4EF6-4F97-BE14-4361F6D763B0}.Release|Any CPU.Build.0 = Release|Any CPU
		{6B5BCF49-A636-4E06-8887-81E385E1C4BB}.Debug|Any CPU.ActiveCfg = Debug|Any CPU
		{6B5BCF49-A636-4E06-8887-81E385E1C4BB}.Debug|Any CPU.Build.0 = Debug|Any CPU
		{6B5BCF49-A636-4E06-8887-81E385E1C4BB}.Release|Any CPU.ActiveCfg = Release|Any CPU
		{6B5BCF49-A636-4E06-8887-81E385E1C4BB}.Release|Any CPU.Build.0 = Release|Any CPU
		{1AD73BC9-8E9D-450A-8E08-54EEF9945115}.Debug|Any CPU.ActiveCfg = Debug|Any CPU
		{1AD73BC9-8E9D-450A-8E08-54EEF9945115}.Debug|Any CPU.Build.0 = Debug|Any CPU
		{1AD73BC9-8E9D-450A-8E08-54EEF9945115}.Release|Any CPU.ActiveCfg = Release|Any CPU
		{1AD73BC9-8E9D-450A-8E08-54EEF9945115}.Release|Any CPU.Build.0 = Release|Any CPU
		{1D57ADF3-22B7-4455-86D1-CC8AAD3D8A27}.Debug|Any CPU.ActiveCfg = Debug|Any CPU
		{1D57ADF3-22B7-4455-86D1-CC8AAD3D8A27}.Debug|Any CPU.Build.0 = Debug|Any CPU
		{1D57ADF3-22B7-4455-86D1-CC8AAD3D8A27}.Release|Any CPU.ActiveCfg = Release|Any CPU
		{1D57ADF3-22B7-4455-86D1-CC8AAD3D8A27}.Release|Any CPU.Build.0 = Release|Any CPU
		{3A6787A7-A337-43BF-8E8F-3B4D82CDBB63}.Debug|Any CPU.ActiveCfg = Debug|Any CPU
		{3A6787A7-A337-43BF-8E8F-3B4D82CDBB63}.Debug|Any CPU.Build.0 = Debug|Any CPU
		{3A6787A7-A337-43BF-8E8F-3B4D82CDBB63}.Release|Any CPU.ActiveCfg = Release|Any CPU
		{3A6787A7-A337-43BF-8E8F-3B4D82CDBB63}.Release|Any CPU.Build.0 = Release|Any CPU
		{12A266F4-ECDD-4757-9189-75082FF867B3}.Debug|Any CPU.ActiveCfg = Debug|Any CPU
		{12A266F4-ECDD-4757-9189-75082FF867B3}.Debug|Any CPU.Build.0 = Debug|Any CPU
		{12A266F4-ECDD-4757-9189-75082FF867B3}.Release|Any CPU.ActiveCfg = Release|Any CPU
		{12A266F4-ECDD-4757-9189-75082FF867B3}.Release|Any CPU.Build.0 = Release|Any CPU
		{31AB4CC2-9831-47E5-8F58-B5D1936605BB}.Debug|Any CPU.ActiveCfg = Debug|Any CPU
		{31AB4CC2-9831-47E5-8F58-B5D1936605BB}.Debug|Any CPU.Build.0 = Debug|Any CPU
		{31AB4CC2-9831-47E5-8F58-B5D1936605BB}.Release|Any CPU.ActiveCfg = Release|Any CPU
		{31AB4CC2-9831-47E5-8F58-B5D1936605BB}.Release|Any CPU.Build.0 = Release|Any CPU
		{F1A34787-27BB-4B69-ABDD-11A4A031AC5B}.Debug|Any CPU.ActiveCfg = Debug|Any CPU
		{F1A34787-27BB-4B69-ABDD-11A4A031AC5B}.Debug|Any CPU.Build.0 = Debug|Any CPU
		{F1A34787-27BB-4B69-ABDD-11A4A031AC5B}.Release|Any CPU.ActiveCfg = Release|Any CPU
		{F1A34787-27BB-4B69-ABDD-11A4A031AC5B}.Release|Any CPU.Build.0 = Release|Any CPU
		{67AD99CD-FEC1-43E8-89F2-D9FE54134098}.Debug|Any CPU.ActiveCfg = Debug|Any CPU
		{67AD99CD-FEC1-43E8-89F2-D9FE54134098}.Debug|Any CPU.Build.0 = Debug|Any CPU
		{67AD99CD-FEC1-43E8-89F2-D9FE54134098}.Release|Any CPU.ActiveCfg = Release|Any CPU
		{67AD99CD-FEC1-43E8-89F2-D9FE54134098}.Release|Any CPU.Build.0 = Release|Any CPU
		{5AF54084-E473-418B-BCF3-D137956C508D}.Debug|Any CPU.ActiveCfg = Debug|Any CPU
		{5AF54084-E473-418B-BCF3-D137956C508D}.Debug|Any CPU.Build.0 = Debug|Any CPU
		{5AF54084-E473-418B-BCF3-D137956C508D}.Release|Any CPU.ActiveCfg = Release|Any CPU
		{5AF54084-E473-418B-BCF3-D137956C508D}.Release|Any CPU.Build.0 = Release|Any CPU
		{A3EFCD52-058E-43E2-AE49-D19C3C119C18}.Debug|Any CPU.ActiveCfg = Debug|Any CPU
		{A3EFCD52-058E-43E2-AE49-D19C3C119C18}.Debug|Any CPU.Build.0 = Debug|Any CPU
		{A3EFCD52-058E-43E2-AE49-D19C3C119C18}.Release|Any CPU.ActiveCfg = Release|Any CPU
		{A3EFCD52-058E-43E2-AE49-D19C3C119C18}.Release|Any CPU.Build.0 = Release|Any CPU
		{C5C8CEE6-4C54-48B7-A6C8-E8C4E60308D9}.Debug|Any CPU.ActiveCfg = Debug|Any CPU
		{C5C8CEE6-4C54-48B7-A6C8-E8C4E60308D9}.Debug|Any CPU.Build.0 = Debug|Any CPU
		{C5C8CEE6-4C54-48B7-A6C8-E8C4E60308D9}.Release|Any CPU.ActiveCfg = Release|Any CPU
		{C5C8CEE6-4C54-48B7-A6C8-E8C4E60308D9}.Release|Any CPU.Build.0 = Release|Any CPU
		{B6612A07-4450-4CB7-93D0-763C15C81CC9}.Debug|Any CPU.ActiveCfg = Debug|Any CPU
		{B6612A07-4450-4CB7-93D0-763C15C81CC9}.Debug|Any CPU.Build.0 = Debug|Any CPU
		{B6612A07-4450-4CB7-93D0-763C15C81CC9}.Release|Any CPU.ActiveCfg = Release|Any CPU
		{B6612A07-4450-4CB7-93D0-763C15C81CC9}.Release|Any CPU.Build.0 = Release|Any CPU
		{C7A6DF52-AE45-41C6-9B8A-48530F37AC18}.Debug|Any CPU.ActiveCfg = Debug|Any CPU
		{C7A6DF52-AE45-41C6-9B8A-48530F37AC18}.Debug|Any CPU.Build.0 = Debug|Any CPU
		{C7A6DF52-AE45-41C6-9B8A-48530F37AC18}.Release|Any CPU.ActiveCfg = Release|Any CPU
		{C7A6DF52-AE45-41C6-9B8A-48530F37AC18}.Release|Any CPU.Build.0 = Release|Any CPU
	EndGlobalSection
	GlobalSection(SolutionProperties) = preSolution
		HideSolutionNode = FALSE
	EndGlobalSection
EndGlobal
